
Microsoft Visual Studio Solution File, Format Version 12.00
# Visual Studio Version 17
VisualStudioVersion = 17.5.33516.290
MinimumVisualStudioVersion = 10.0.40219.1
Project("{9A19103F-16F7-4668-BE54-9A1E7A4F7556}") = "AuthAPI", "AuthAPI.csproj", "{91BFEA08-F5E4-4D6F-AB5A-38C3A80D833B}"
EndProject
Project("{9A19103F-16F7-4668-BE54-9A1E7A4F7556}") = "AuthModels", "..\AuthModels\AuthModels.csproj", "{A7E85A01-8C30-47E4-8D79-76401C337906}"
EndProject
Global
	GlobalSection(SolutionConfigurationPlatforms) = preSolution
		Debug|Any CPU = Debug|Any CPU
		Release|Any CPU = Release|Any CPU
	EndGlobalSection
	GlobalSection(ProjectConfigurationPlatforms) = postSolution
		{91BFEA08-F5E4-4D6F-AB5A-38C3A80D833B}.Debug|Any CPU.ActiveCfg = Debug|Any CPU
		{91BFEA08-F5E4-4D6F-AB5A-38C3A80D833B}.Debug|Any CPU.Build.0 = Debug|Any CPU
		{91BFEA08-F5E4-4D6F-AB5A-38C3A80D833B}.Release|Any CPU.ActiveCfg = Release|Any CPU
		{91BFEA08-F5E4-4D6F-AB5A-38C3A80D833B}.Release|Any CPU.Build.0 = Release|Any CPU
		{A7E85A01-8C30-47E4-8D79-76401C337906}.Debug|Any CPU.ActiveCfg = Debug|Any CPU
		{A7E85A01-8C30-47E4-8D79-76401C337906}.Debug|Any CPU.Build.0 = Debug|Any CPU
		{A7E85A01-8C30-47E4-8D79-76401C337906}.Release|Any CPU.ActiveCfg = Release|Any CPU
		{A7E85A01-8C30-47E4-8D79-76401C337906}.Release|Any CPU.Build.0 = Release|Any CPU
	EndGlobalSection
	GlobalSection(SolutionProperties) = preSolution
		HideSolutionNode = FALSE
	EndGlobalSection
	GlobalSection(ExtensibilityGlobals) = postSolution
		SolutionGuid = {8F057194-E457-4BBD-8A15-E1623AC50087}
	EndGlobalSection
EndGlobal
